
Microsoft Visual Studio Solution File, Format Version 12.00
# Visual Studio Version 17
VisualStudioVersion = 17.5.33424.131
MinimumVisualStudioVersion = 10.0.40219.1
Project("{9A19103F-16F7-4668-BE54-9A1E7A4F7556}") = "teste-1", "teste-1.csproj", "{6A534618-69D3-4DA3-85AF-F5A93A9C9434}"
EndProject
Project("{9A19103F-16F7-4668-BE54-9A1E7A4F7556}") = "teste-2", "..\funcoies\teste-2.csproj", "{F098CD81-764A-4531-A234-866009E9CA58}"
EndProject
Global
	GlobalSection(SolutionConfigurationPlatforms) = preSolution
		Debug|Any CPU = Debug|Any CPU
		Release|Any CPU = Release|Any CPU
	EndGlobalSection
	GlobalSection(ProjectConfigurationPlatforms) = postSolution
		{6A534618-69D3-4DA3-85AF-F5A93A9C9434}.Debug|Any CPU.ActiveCfg = Debug|Any CPU
		{6A534618-69D3-4DA3-85AF-F5A93A9C9434}.Debug|Any CPU.Build.0 = Debug|Any CPU
		{6A534618-69D3-4DA3-85AF-F5A93A9C9434}.Release|Any CPU.ActiveCfg = Release|Any CPU
		{6A534618-69D3-4DA3-85AF-F5A93A9C9434}.Release|Any CPU.Build.0 = Release|Any CPU
		{F098CD81-764A-4531-A234-866009E9CA58}.Debug|Any CPU.ActiveCfg = Debug|Any CPU
		{F098CD81-764A-4531-A234-866009E9CA58}.Debug|Any CPU.Build.0 = Debug|Any CPU
		{F098CD81-764A-4531-A234-866009E9CA58}.Release|Any CPU.ActiveCfg = Release|Any CPU
		{F098CD81-764A-4531-A234-866009E9CA58}.Release|Any CPU.Build.0 = Release|Any CPU
	EndGlobalSection
	GlobalSection(SolutionProperties) = preSolution
		HideSolutionNode = FALSE
	EndGlobalSection
	GlobalSection(ExtensibilityGlobals) = postSolution
		SolutionGuid = {49A3C829-D646-4D6B-9B45-82D891F54D8E}
	EndGlobalSection
EndGlobal
